
Microsoft Visual Studio Solution File, Format Version 12.00
# Visual Studio Version 16
VisualStudioVersion = 16.0.31019.35
MinimumVisualStudioVersion = 10.0.40219.1
Project("{FAE04EC0-301F-11D3-BF4B-00C04F79EFBC}") = "WpfWithAutoUpdate", "WpfWithAutoUpdate\WpfWithAutoUpdate.csproj", "{A08917EB-F452-4F0E-9DC3-2078DC6F8F73}"
EndProject
Global
	GlobalSection(SolutionConfigurationPlatforms) = preSolution
		Debug|Any CPU = Debug|Any CPU
		Release|Any CPU = Release|Any CPU
	EndGlobalSection
	GlobalSection(ProjectConfigurationPlatforms) = postSolution
		{A08917EB-F452-4F0E-9DC3-2078DC6F8F73}.Debug|Any CPU.ActiveCfg = Debug|Any CPU
		{A08917EB-F452-4F0E-9DC3-2078DC6F8F73}.Debug|Any CPU.Build.0 = Debug|Any CPU
		{A08917EB-F452-4F0E-9DC3-2078DC6F8F73}.Release|Any CPU.ActiveCfg = Release|Any CPU
		{A08917EB-F452-4F0E-9DC3-2078DC6F8F73}.Release|Any CPU.Build.0 = Release|Any CPU
	EndGlobalSection
	GlobalSection(SolutionProperties) = preSolution
		HideSolutionNode = FALSE
	EndGlobalSection
	GlobalSection(ExtensibilityGlobals) = postSolution
		SolutionGuid = {24FB8884-D1FA-4128-9C8E-663F14C73FB0}
	EndGlobalSection
EndGlobal
